
Microsoft Visual Studio Solution File, Format Version 12.00
# Visual Studio 15
VisualStudioVersion = 15.0.28307.168
MinimumVisualStudioVersion = 10.0.40219.1
Project("{8BC9CEB8-8B4A-11D0-8D11-00A0C91BC942}") = "Battleships", "Battleships\Battleships.vcxproj", "{580BA0EE-3D87-4A57-8414-EA90E90A1003}"
EndProject
Global
	GlobalSection(SolutionConfigurationPlatforms) = preSolution
		Debug|x64 = Debug|x64
		Debug|x86 = Debug|x86
		Release|x64 = Release|x64
		Release|x86 = Release|x86
	EndGlobalSection
	GlobalSection(ProjectConfigurationPlatforms) = postSolution
		{580BA0EE-3D87-4A57-8414-EA90E90A1003}.Debug|x64.ActiveCfg = Debug|x64
		{580BA0EE-3D87-4A57-8414-EA90E90A1003}.Debug|x64.Build.0 = Debug|x64
		{580BA0EE-3D87-4A57-8414-EA90E90A1003}.Debug|x86.ActiveCfg = Debug|Win32
		{580BA0EE-3D87-4A57-8414-EA90E90A1003}.Debug|x86.Build.0 = Debug|Win32
		{580BA0EE-3D87-4A57-8414-EA90E90A1003}.Release|x64.ActiveCfg = Release|x64
		{580BA0EE-3D87-4A57-8414-EA90E90A1003}.Release|x64.Build.0 = Release|x64
		{580BA0EE-3D87-4A57-8414-EA90E90A1003}.Release|x86.ActiveCfg = Release|Win32
		{580BA0EE-3D87-4A57-8414-EA90E90A1003}.Release|x86.Build.0 = Release|Win32
	EndGlobalSection
	GlobalSection(SolutionProperties) = preSolution
		HideSolutionNode = FALSE
	EndGlobalSection
	GlobalSection(ExtensibilityGlobals) = postSolution
		SolutionGuid = {53E7CD97-BB0B-4A0D-B044-F5C3615AE57A}
	EndGlobalSection
EndGlobal
